
Microsoft Visual Studio Solution File, Format Version 12.00
# Visual Studio 15
VisualStudioVersion = 15.0.27428.2027
MinimumVisualStudioVersion = 10.0.40219.1
Project("{FAE04EC0-301F-11D3-BF4B-00C04F79EFBC}") = "CompareStrings", "CompareStrings\CompareStrings.csproj", "{A97F8864-7423-45DB-9220-A62BD4950584}"
EndProject
Global
	GlobalSection(SolutionConfigurationPlatforms) = preSolution
		Debug|Any CPU = Debug|Any CPU
		Release|Any CPU = Release|Any CPU
	EndGlobalSection
	GlobalSection(ProjectConfigurationPlatforms) = postSolution
		{A97F8864-7423-45DB-9220-A62BD4950584}.Debug|Any CPU.ActiveCfg = Debug|Any CPU
		{A97F8864-7423-45DB-9220-A62BD4950584}.Debug|Any CPU.Build.0 = Debug|Any CPU
		{A97F8864-7423-45DB-9220-A62BD4950584}.Release|Any CPU.ActiveCfg = Release|Any CPU
		{A97F8864-7423-45DB-9220-A62BD4950584}.Release|Any CPU.Build.0 = Release|Any CPU
	EndGlobalSection
	GlobalSection(SolutionProperties) = preSolution
		HideSolutionNode = FALSE
	EndGlobalSection
	GlobalSection(ExtensibilityGlobals) = postSolution
		SolutionGuid = {9E3EA935-F2EF-4639-A276-7DAD3E5BF03A}
	EndGlobalSection
EndGlobal
